// !$*UTF8*$!
{
	archiveVersion = 1;
	classes = {
	};
	objectVersion = 56;
	objects = {

/* Begin PBXBuildFile section */
		6E13628929BE8AB3002F76B5 /* AppButton.swift in Sources */ = {isa = PBXBuildFile; fileRef = 6E13628829BE8AB3002F76B5 /* AppButton.swift */; };
		6EA841B929BE5779001C7E6A /* AppDelegate.swift in Sources */ = {isa = PBXBuildFile; fileRef = 6EA841B829BE5779001C7E6A /* AppDelegate.swift */; };
		6EA841BB29BE5779001C7E6A /* SceneDelegate.swift in Sources */ = {isa = PBXBuildFile; fileRef = 6EA841BA29BE5779001C7E6A /* SceneDelegate.swift */; };
		6EA841C229BE5779001C7E6A /* Assets.xcassets in Resources */ = {isa = PBXBuildFile; fileRef = 6EA841C129BE5779001C7E6A /* Assets.xcassets */; };
		6EA841CD29BE57A4001C7E6A /* Main.storyboard in Resources */ = {isa = PBXBuildFile; fileRef = 6EA841CC29BE57A4001C7E6A /* Main.storyboard */; };
		6EA841CF29BE57D9001C7E6A /* LaunchScreen.storyboard in Resources */ = {isa = PBXBuildFile; fileRef = 6EA841CE29BE57D9001C7E6A /* LaunchScreen.storyboard */; };
		6EA841D229BE57EB001C7E6A /* Slide.swift in Sources */ = {isa = PBXBuildFile; fileRef = 6EA841D129BE57EB001C7E6A /* Slide.swift */; };
		6EA841D529BE5800001C7E6A /* PresenterManager.swift in Sources */ = {isa = PBXBuildFile; fileRef = 6EA841D429BE5800001C7E6A /* PresenterManager.swift */; };
		6EA841D929BE5813001C7E6A /* Constants.swift in Sources */ = {isa = PBXBuildFile; fileRef = 6EA841D729BE5813001C7E6A /* Constants.swift */; };
		6EA841DA29BE5813001C7E6A /* Utils.swift in Sources */ = {isa = PBXBuildFile; fileRef = 6EA841D829BE5813001C7E6A /* Utils.swift */; };
		6EA841DE29BE5820001C7E6A /* OnboardingCollectionViewCell.swift in Sources */ = {isa = PBXBuildFile; fileRef = 6EA841DD29BE5820001C7E6A /* OnboardingCollectionViewCell.swift */; };
		6EA841E429BE582D001C7E6A /* OnboardingViewController.swift in Sources */ = {isa = PBXBuildFile; fileRef = 6EA841E029BE582D001C7E6A /* OnboardingViewController.swift */; };
		6EA841E529BE582D001C7E6A /* LoginViewController.swift in Sources */ = {isa = PBXBuildFile; fileRef = 6EA841E129BE582D001C7E6A /* LoginViewController.swift */; };
		6EA841E629BE582D001C7E6A /* LoadingViewController.swift in Sources */ = {isa = PBXBuildFile; fileRef = 6EA841E229BE582D001C7E6A /* LoadingViewController.swift */; };
		6EA841E729BE582D001C7E6A /* SettingsViewController.swift in Sources */ = {isa = PBXBuildFile; fileRef = 6EA841E329BE582D001C7E6A /* SettingsViewController.swift */; };
/* End PBXBuildFile section */

/* Begin PBXFileReference section */
		6E13628829BE8AB3002F76B5 /* AppButton.swift */ = {isa = PBXFileReference; lastKnownFileType = sourcecode.swift; path = AppButton.swift; sourceTree = "<group>"; };
		6EA841B529BE5779001C7E6A /* ExchangeStock.app */ = {isa = PBXFileReference; explicitFileType = wrapper.application; includeInIndex = 0; path = ExchangeStock.app; sourceTree = BUILT_PRODUCTS_DIR; };
		6EA841B829BE5779001C7E6A /* AppDelegate.swift */ = {isa = PBXFileReference; lastKnownFileType = sourcecode.swift; path = AppDelegate.swift; sourceTree = "<group>"; };
		6EA841BA29BE5779001C7E6A /* SceneDelegate.swift */ = {isa = PBXFileReference; lastKnownFileType = sourcecode.swift; path = SceneDelegate.swift; sourceTree = "<group>"; };
		6EA841C129BE5779001C7E6A /* Assets.xcassets */ = {isa = PBXFileReference; lastKnownFileType = folder.assetcatalog; path = Assets.xcassets; sourceTree = "<group>"; };
		6EA841C629BE5779001C7E6A /* Info.plist */ = {isa = PBXFileReference; lastKnownFileType = text.plist.xml; path = Info.plist; sourceTree = "<group>"; };
		6EA841CC29BE57A4001C7E6A /* Main.storyboard */ = {isa = PBXFileReference; fileEncoding = 4; lastKnownFileType = file.storyboard; path = Main.storyboard; sourceTree = "<group>"; };
		6EA841CE29BE57D9001C7E6A /* LaunchScreen.storyboard */ = {isa = PBXFileReference; fileEncoding = 4; lastKnownFileType = file.storyboard; path = LaunchScreen.storyboard; sourceTree = "<group>"; };
		6EA841D129BE57EB001C7E6A /* Slide.swift */ = {isa = PBXFileReference; fileEncoding = 4; lastKnownFileType = sourcecode.swift; path = Slide.swift; sourceTree = "<group>"; };
		6EA841D429BE5800001C7E6A /* PresenterManager.swift */ = {isa = PBXFileReference; fileEncoding = 4; lastKnownFileType = sourcecode.swift; path = PresenterManager.swift; sourceTree = "<group>"; };
		6EA841D729BE5813001C7E6A /* Constants.swift */ = {isa = PBXFileReference; fileEncoding = 4; lastKnownFileType = sourcecode.swift; path = Constants.swift; sourceTree = "<group>"; };
		6EA841D829BE5813001C7E6A /* Utils.swift */ = {isa = PBXFileReference; fileEncoding = 4; lastKnownFileType = sourcecode.swift; path = Utils.swift; sourceTree = "<group>"; };
		6EA841DD29BE5820001C7E6A /* OnboardingCollectionViewCell.swift */ = {isa = PBXFileReference; fileEncoding = 4; lastKnownFileType = sourcecode.swift; path = OnboardingCollectionViewCell.swift; sourceTree = "<group>"; };
		6EA841E029BE582D001C7E6A /* OnboardingViewController.swift */ = {isa = PBXFileReference; fileEncoding = 4; lastKnownFileType = sourcecode.swift; path = OnboardingViewController.swift; sourceTree = "<group>"; };
		6EA841E129BE582D001C7E6A /* LoginViewController.swift */ = {isa = PBXFileReference; fileEncoding = 4; lastKnownFileType = sourcecode.swift; path = LoginViewController.swift; sourceTree = "<group>"; };
		6EA841E229BE582D001C7E6A /* LoadingViewController.swift */ = {isa = PBXFileReference; fileEncoding = 4; lastKnownFileType = sourcecode.swift; path = LoadingViewController.swift; sourceTree = "<group>"; };
		6EA841E329BE582D001C7E6A /* SettingsViewController.swift */ = {isa = PBXFileReference; fileEncoding = 4; lastKnownFileType = sourcecode.swift; path = SettingsViewController.swift; sourceTree = "<group>"; };
/* End PBXFileReference section */

/* Begin PBXFrameworksBuildPhase section */
		6EA841B229BE5779001C7E6A /* Frameworks */ = {
			isa = PBXFrameworksBuildPhase;
			buildActionMask = 2147483647;
			files = (
			);
			runOnlyForDeploymentPostprocessing = 0;
		};
/* End PBXFrameworksBuildPhase section */

/* Begin PBXGroup section */
		6E13628629BE8A91002F76B5 /* Utils */ = {
			isa = PBXGroup;
			children = (
				6E13628729BE8A99002F76B5 /* AppButton */,
			);
			path = Utils;
			sourceTree = "<group>";
		};
		6E13628729BE8A99002F76B5 /* AppButton */ = {
			isa = PBXGroup;
			children = (
				6E13628829BE8AB3002F76B5 /* AppButton.swift */,
			);
			path = AppButton;
			sourceTree = "<group>";
		};
		6EA841AC29BE5779001C7E6A = {
			isa = PBXGroup;
			children = (
				6EA841B729BE5779001C7E6A /* ExchangeStock */,
				6EA841B629BE5779001C7E6A /* Products */,
			);
			sourceTree = "<group>";
		};
		6EA841B629BE5779001C7E6A /* Products */ = {
			isa = PBXGroup;
			children = (
				6EA841B529BE5779001C7E6A /* ExchangeStock.app */,
			);
			name = Products;
			sourceTree = "<group>";
		};
		6EA841B729BE5779001C7E6A /* ExchangeStock */ = {
			isa = PBXGroup;
			children = (
				6E13628629BE8A91002F76B5 /* Utils */,
				6EA841B829BE5779001C7E6A /* AppDelegate.swift */,
				6EA841BA29BE5779001C7E6A /* SceneDelegate.swift */,
				6EA841D329BE5800001C7E6A /* Manager */,
				6EA841D629BE5813001C7E6A /* Helper */,
				6EA841D029BE57EB001C7E6A /* Model */,
				6EA841DB29BE5820001C7E6A /* Views */,
				6EA841DF29BE582D001C7E6A /* Controllers */,
				6EA841CC29BE57A4001C7E6A /* Main.storyboard */,
				6EA841CE29BE57D9001C7E6A /* LaunchScreen.storyboard */,
				6EA841C129BE5779001C7E6A /* Assets.xcassets */,
				6EA841C629BE5779001C7E6A /* Info.plist */,
			);
			path = ExchangeStock;
			sourceTree = "<group>";
		};
		6EA841D029BE57EB001C7E6A /* Model */ = {
			isa = PBXGroup;
			children = (
				6EA841D129BE57EB001C7E6A /* Slide.swift */,
			);
			path = Model;
			sourceTree = "<group>";
		};
		6EA841D329BE5800001C7E6A /* Manager */ = {
			isa = PBXGroup;
			children = (
				6EA841D429BE5800001C7E6A /* PresenterManager.swift */,
			);
			path = Manager;
			sourceTree = "<group>";
		};
		6EA841D629BE5813001C7E6A /* Helper */ = {
			isa = PBXGroup;
			children = (
				6EA841D729BE5813001C7E6A /* Constants.swift */,
				6EA841D829BE5813001C7E6A /* Utils.swift */,
			);
			path = Helper;
			sourceTree = "<group>";
		};
		6EA841DB29BE5820001C7E6A /* Views */ = {
			isa = PBXGroup;
			children = (
				6EA841DC29BE5820001C7E6A /* Cells */,
			);
			path = Views;
			sourceTree = "<group>";
		};
		6EA841DC29BE5820001C7E6A /* Cells */ = {
			isa = PBXGroup;
			children = (
				6EA841DD29BE5820001C7E6A /* OnboardingCollectionViewCell.swift */,
			);
			path = Cells;
			sourceTree = "<group>";
		};
		6EA841DF29BE582D001C7E6A /* Controllers */ = {
			isa = PBXGroup;
			children = (
				6EA841E029BE582D001C7E6A /* OnboardingViewController.swift */,
				6EA841E129BE582D001C7E6A /* LoginViewController.swift */,
				6EA841E229BE582D001C7E6A /* LoadingViewController.swift */,
				6EA841E329BE582D001C7E6A /* SettingsViewController.swift */,
			);
			path = Controllers;
			sourceTree = "<group>";
		};
/* End PBXGroup section */

/* Begin PBXNativeTarget section */
		6EA841B429BE5779001C7E6A /* ExchangeStock */ = {
			isa = PBXNativeTarget;
			buildConfigurationList = 6EA841C929BE5779001C7E6A /* Build configuration list for PBXNativeTarget "ExchangeStock" */;
			buildPhases = (
				6EA841B129BE5779001C7E6A /* Sources */,
				6EA841B229BE5779001C7E6A /* Frameworks */,
				6EA841B329BE5779001C7E6A /* Resources */,
			);
			buildRules = (
			);
			dependencies = (
			);
			name = ExchangeStock;
			productName = ExchangeStock;
			productReference = 6EA841B529BE5779001C7E6A /* ExchangeStock.app */;
			productType = "com.apple.product-type.application";
		};
/* End PBXNativeTarget section */

/* Begin PBXProject section */
		6EA841AD29BE5779001C7E6A /* Project object */ = {
			isa = PBXProject;
			attributes = {
				BuildIndependentTargetsInParallel = 1;
				LastSwiftUpdateCheck = 1420;
				LastUpgradeCheck = 1420;
				TargetAttributes = {
					6EA841B429BE5779001C7E6A = {
						CreatedOnToolsVersion = 14.2;
					};
				};
			};
			buildConfigurationList = 6EA841B029BE5779001C7E6A /* Build configuration list for PBXProject "ExchangeStock" */;
			compatibilityVersion = "Xcode 14.0";
			developmentRegion = en;
			hasScannedForEncodings = 0;
			knownRegions = (
				en,
				Base,
			);
			mainGroup = 6EA841AC29BE5779001C7E6A;
			productRefGroup = 6EA841B629BE5779001C7E6A /* Products */;
			projectDirPath = "";
			projectRoot = "";
			targets = (
				6EA841B429BE5779001C7E6A /* ExchangeStock */,
			);
		};
/* End PBXProject section */

/* Begin PBXResourcesBuildPhase section */
		6EA841B329BE5779001C7E6A /* Resources */ = {
			isa = PBXResourcesBuildPhase;
			buildActionMask = 2147483647;
			files = (
				6EA841CF29BE57D9001C7E6A /* LaunchScreen.storyboard in Resources */,
				6EA841CD29BE57A4001C7E6A /* Main.storyboard in Resources */,
				6EA841C229BE5779001C7E6A /* Assets.xcassets in Resources */,
			);
			runOnlyForDeploymentPostprocessing = 0;
		};
/* End PBXResourcesBuildPhase section */

/* Begin PBXSourcesBuildPhase section */
		6EA841B129BE5779001C7E6A /* Sources */ = {
			isa = PBXSourcesBuildPhase;
			buildActionMask = 2147483647;
			files = (
				6EA841D529BE5800001C7E6A /* PresenterManager.swift in Sources */,
				6EA841B929BE5779001C7E6A /* AppDelegate.swift in Sources */,
				6EA841DE29BE5820001C7E6A /* OnboardingCollectionViewCell.swift in Sources */,
				6E13628929BE8AB3002F76B5 /* AppButton.swift in Sources */,
				6EA841DA29BE5813001C7E6A /* Utils.swift in Sources */,
				6EA841BB29BE5779001C7E6A /* SceneDelegate.swift in Sources */,
				6EA841D229BE57EB001C7E6A /* Slide.swift in Sources */,
				6EA841E429BE582D001C7E6A /* OnboardingViewController.swift in Sources */,
				6EA841E629BE582D001C7E6A /* LoadingViewController.swift in Sources */,
				6EA841E529BE582D001C7E6A /* LoginViewController.swift in Sources */,
				6EA841D929BE5813001C7E6A /* Constants.swift in Sources */,
				6EA841E729BE582D001C7E6A /* SettingsViewController.swift in Sources */,
			);
			runOnlyForDeploymentPostprocessing = 0;
		};
/* End PBXSourcesBuildPhase section */

/* Begin XCBuildConfiguration section */
		6EA841C729BE5779001C7E6A /* Debug */ = {
			isa = XCBuildConfiguration;
			buildSettings = {
				ALWAYS_SEARCH_USER_PATHS = NO;
				CLANG_ANALYZER_NONNULL = YES;
				CLANG_ANALYZER_NUMBER_OBJECT_CONVERSION = YES_AGGRESSIVE;
				CLANG_CXX_LANGUAGE_STANDARD = "gnu++20";
				CLANG_ENABLE_MODULES = YES;
				CLANG_ENABLE_OBJC_ARC = YES;
				CLANG_ENABLE_OBJC_WEAK = YES;
				CLANG_WARN_BLOCK_CAPTURE_AUTORELEASING = YES;
				CLANG_WARN_BOOL_CONVERSION = YES;
				CLANG_WARN_COMMA = YES;
				CLANG_WARN_CONSTANT_CONVERSION = YES;
				CLANG_WARN_DEPRECATED_OBJC_IMPLEMENTATIONS = YES;
				CLANG_WARN_DIRECT_OBJC_ISA_USAGE = YES_ERROR;
				CLANG_WARN_DOCUMENTATION_COMMENTS = YES;
				CLANG_WARN_EMPTY_BODY = YES;
				CLANG_WARN_ENUM_CONVERSION = YES;
				CLANG_WARN_INFINITE_RECURSION = YES;
				CLANG_WARN_INT_CONVERSION = YES;
				CLANG_WARN_NON_LITERAL_NULL_CONVERSION = YES;
				CLANG_WARN_OBJC_IMPLICIT_RETAIN_SELF = YES;
				CLANG_WARN_OBJC_LITERAL_CONVERSION = YES;
				CLANG_WARN_OBJC_ROOT_CLASS = YES_ERROR;
				CLANG_WARN_QUOTED_INCLUDE_IN_FRAMEWORK_HEADER = YES;
				CLANG_WARN_RANGE_LOOP_ANALYSIS = YES;
				CLANG_WARN_STRICT_PROTOTYPES = YES;
				CLANG_WARN_SUSPICIOUS_MOVE = YES;
				CLANG_WARN_UNGUARDED_AVAILABILITY = YES_AGGRESSIVE;
				CLANG_WARN_UNREACHABLE_CODE = YES;
				CLANG_WARN__DUPLICATE_METHOD_MATCH = YES;
				COPY_PHASE_STRIP = NO;
				DEBUG_INFORMATION_FORMAT = dwarf;
				ENABLE_STRICT_OBJC_MSGSEND = YES;
				ENABLE_TESTABILITY = YES;
				GCC_C_LANGUAGE_STANDARD = gnu11;
				GCC_DYNAMIC_NO_PIC = NO;
				GCC_NO_COMMON_BLOCKS = YES;
				GCC_OPTIMIZATION_LEVEL = 0;
				GCC_PREPROCESSOR_DEFINITIONS = (
					"DEBUG=1",
					"$(inherited)",
				);
				GCC_WARN_64_TO_32_BIT_CONVERSION = YES;
				GCC_WARN_ABOUT_RETURN_TYPE = YES_ERROR;
				GCC_WARN_UNDECLARED_SELECTOR = YES;
				GCC_WARN_UNINITIALIZED_AUTOS = YES_AGGRESSIVE;
				GCC_WARN_UNUSED_FUNCTION = YES;
				GCC_WARN_UNUSED_VARIABLE = YES;
				IPHONEOS_DEPLOYMENT_TARGET = 16.2;
				MTL_ENABLE_DEBUG_INFO = INCLUDE_SOURCE;
				MTL_FAST_MATH = YES;
				ONLY_ACTIVE_ARCH = YES;
				SDKROOT = iphoneos;
				SWIFT_ACTIVE_COMPILATION_CONDITIONS = DEBUG;
				SWIFT_OPTIMIZATION_LEVEL = "-Onone";
			};
			name = Debug;
		};
		6EA841C829BE5779001C7E6A /* Release */ = {
			isa = XCBuildConfiguration;
			buildSettings = {
				ALWAYS_SEARCH_USER_PATHS = NO;
				CLANG_ANALYZER_NONNULL = YES;
				CLANG_ANALYZER_NUMBER_OBJECT_CONVERSION = YES_AGGRESSIVE;
				CLANG_CXX_LANGUAGE_STANDARD = "gnu++20";
				CLANG_ENABLE_MODULES = YES;
				CLANG_ENABLE_OBJC_ARC = YES;
				CLANG_ENABLE_OBJC_WEAK = YES;
				CLANG_WARN_BLOCK_CAPTURE_AUTORELEASING = YES;
				CLANG_WARN_BOOL_CONVERSION = YES;
				CLANG_WARN_COMMA = YES;
				CLANG_WARN_CONSTANT_CONVERSION = YES;
				CLANG_WARN_DEPRECATED_OBJC_IMPLEMENTATIONS = YES;
				CLANG_WARN_DIRECT_OBJC_ISA_USAGE = YES_ERROR;
				CLANG_WARN_DOCUMENTATION_COMMENTS = YES;
				CLANG_WARN_EMPTY_BODY = YES;
				CLANG_WARN_ENUM_CONVERSION = YES;
				CLANG_WARN_INFINITE_RECURSION = YES;
				CLANG_WARN_INT_CONVERSION = YES;
				CLANG_WARN_NON_LITERAL_NULL_CONVERSION = YES;
				CLANG_WARN_OBJC_IMPLICIT_RETAIN_SELF = YES;
				CLANG_WARN_OBJC_LITERAL_CONVERSION = YES;
				CLANG_WARN_OBJC_ROOT_CLASS = YES_ERROR;
				CLANG_WARN_QUOTED_INCLUDE_IN_FRAMEWORK_HEADER = YES;
				CLANG_WARN_RANGE_LOOP_ANALYSIS = YES;
				CLANG_WARN_STRICT_PROTOTYPES = YES;
				CLANG_WARN_SUSPICIOUS_MOVE = YES;
				CLANG_WARN_UNGUARDED_AVAILABILITY = YES_AGGRESSIVE;
				CLANG_WARN_UNREACHABLE_CODE = YES;
				CLANG_WARN__DUPLICATE_METHOD_MATCH = YES;
				COPY_PHASE_STRIP = NO;
				DEBUG_INFORMATION_FORMAT = "dwarf-with-dsym";
				ENABLE_NS_ASSERTIONS = NO;
				ENABLE_STRICT_OBJC_MSGSEND = YES;
				GCC_C_LANGUAGE_STANDARD = gnu11;
				GCC_NO_COMMON_BLOCKS = YES;
				GCC_WARN_64_TO_32_BIT_CONVERSION = YES;
				GCC_WARN_ABOUT_RETURN_TYPE = YES_ERROR;
				GCC_WARN_UNDECLARED_SELECTOR = YES;
				GCC_WARN_UNINITIALIZED_AUTOS = YES_AGGRESSIVE;
				GCC_WARN_UNUSED_FUNCTION = YES;
				GCC_WARN_UNUSED_VARIABLE = YES;
				IPHONEOS_DEPLOYMENT_TARGET = 16.2;
				MTL_ENABLE_DEBUG_INFO = NO;
				MTL_FAST_MATH = YES;
				SDKROOT = iphoneos;
				SWIFT_COMPILATION_MODE = wholemodule;
				SWIFT_OPTIMIZATION_LEVEL = "-O";
				VALIDATE_PRODUCT = YES;
			};
			name = Release;
		};
		6EA841CA29BE5779001C7E6A /* Debug */ = {
			isa = XCBuildConfiguration;
			buildSettings = {
				ASSETCATALOG_COMPILER_APPICON_NAME = AppIcon;
				ASSETCATALOG_COMPILER_GLOBAL_ACCENT_COLOR_NAME = AccentColor;
				CODE_SIGN_STYLE = Automatic;
				CURRENT_PROJECT_VERSION = 1;
				DEVELOPMENT_TEAM = 6RYG55F8TD;
				GENERATE_INFOPLIST_FILE = YES;
				INFOPLIST_FILE = ExchangeStock/Info.plist;
				INFOPLIST_KEY_UIApplicationSupportsIndirectInputEvents = YES;
				INFOPLIST_KEY_UILaunchStoryboardName = LaunchScreen;
				INFOPLIST_KEY_UIMainStoryboardFile = Main;
				INFOPLIST_KEY_UISupportedInterfaceOrientations_iPad = "UIInterfaceOrientationPortrait UIInterfaceOrientationPortraitUpsideDown UIInterfaceOrientationLandscapeLeft UIInterfaceOrientationLandscapeRight";
				INFOPLIST_KEY_UISupportedInterfaceOrientations_iPhone = "UIInterfaceOrientationPortrait UIInterfaceOrientationLandscapeLeft UIInterfaceOrientationLandscapeRight";
				LD_RUNPATH_SEARCH_PATHS = (
					"$(inherited)",
					"@executable_path/Frameworks",
				);
				MARKETING_VERSION = 1.0;
				PRODUCT_BUNDLE_IDENTIFIER = kenanbylan.ExchangeStock;
				PRODUCT_NAME = "$(TARGET_NAME)";
				SWIFT_EMIT_LOC_STRINGS = YES;
				SWIFT_VERSION = 5.0;
				TARGETED_DEVICE_FAMILY = "1,2";
			};
			name = Debug;
		};
		6EA841CB29BE5779001C7E6A /* Release */ = {
			isa = XCBuildConfiguration;
			buildSettings = {
				ASSETCATALOG_COMPILER_APPICON_NAME = AppIcon;
				ASSETCATALOG_COMPILER_GLOBAL_ACCENT_COLOR_NAME = AccentColor;
				CODE_SIGN_STYLE = Automatic;
				CURRENT_PROJECT_VERSION = 1;
				DEVELOPMENT_TEAM = 6RYG55F8TD;
				GENERATE_INFOPLIST_FILE = YES;
				INFOPLIST_FILE = ExchangeStock/Info.plist;
				INFOPLIST_KEY_UIApplicationSupportsIndirectInputEvents = YES;
				INFOPLIST_KEY_UILaunchStoryboardName = LaunchScreen;
				INFOPLIST_KEY_UIMainStoryboardFile = Main;
				INFOPLIST_KEY_UISupportedInterfaceOrientations_iPad = "UIInterfaceOrientationPortrait UIInterfaceOrientationPortraitUpsideDown UIInterfaceOrientationLandscapeLeft UIInterfaceOrientationLandscapeRight";
				INFOPLIST_KEY_UISupportedInterfaceOrientations_iPhone = "UIInterfaceOrientationPortrait UIInterfaceOrientationLandscapeLeft UIInterfaceOrientationLandscapeRight";
				LD_RUNPATH_SEARCH_PATHS = (
					"$(inherited)",
					"@executable_path/Frameworks",
				);
				MARKETING_VERSION = 1.0;
				PRODUCT_BUNDLE_IDENTIFIER = kenanbylan.ExchangeStock;
				PRODUCT_NAME = "$(TARGET_NAME)";
				SWIFT_EMIT_LOC_STRINGS = YES;
				SWIFT_VERSION = 5.0;
				TARGETED_DEVICE_FAMILY = "1,2";
			};
			name = Release;
		};
/* End XCBuildConfiguration section */

/* Begin XCConfigurationList section */
		6EA841B029BE5779001C7E6A /* Build configuration list for PBXProject "ExchangeStock" */ = {
			isa = XCConfigurationList;
			buildConfigurations = (
				6EA841C729BE5779001C7E6A /* Debug */,
				6EA841C829BE5779001C7E6A /* Release */,
			);
			defaultConfigurationIsVisible = 0;
			defaultConfigurationName = Release;
		};
		6EA841C929BE5779001C7E6A /* Build configuration list for PBXNativeTarget "ExchangeStock" */ = {
			isa = XCConfigurationList;
			buildConfigurations = (
				6EA841CA29BE5779001C7E6A /* Debug */,
				6EA841CB29BE5779001C7E6A /* Release */,
			);
			defaultConfigurationIsVisible = 0;
			defaultConfigurationName = Release;
		};
/* End XCConfigurationList section */
	};
	rootObject = 6EA841AD29BE5779001C7E6A /* Project object */;
}
